// !$*UTF8*$!
{
	archiveVersion = 1;
	classes = {
	};
	objectVersion = 48;
	objects = {

/* Begin PBXBuildFile section */
		3DA194E71FE9E3E400DBA362 /* AppDelegate.swift in Sources */ = {isa = PBXBuildFile; fileRef = 3DA194E61FE9E3E400DBA362 /* AppDelegate.swift */; };
		3DA194EC1FE9E3E500DBA362 /* Main.storyboard in Resources */ = {isa = PBXBuildFile; fileRef = 3DA194EA1FE9E3E400DBA362 /* Main.storyboard */; };
		3DA194EE1FE9E3E500DBA362 /* Assets.xcassets in Resources */ = {isa = PBXBuildFile; fileRef = 3DA194ED1FE9E3E500DBA362 /* Assets.xcassets */; };
		3DA194F11FE9E3E500DBA362 /* LaunchScreen.storyboard in Resources */ = {isa = PBXBuildFile; fileRef = 3DA194EF1FE9E3E500DBA362 /* LaunchScreen.storyboard */; };
		3DA194FC1FE9E3E500DBA362 /* MusicPlayerTests.swift in Sources */ = {isa = PBXBuildFile; fileRef = 3DA194FB1FE9E3E500DBA362 /* MusicPlayerTests.swift */; };
		3DA195071FE9E3E500DBA362 /* MusicPlayerUITests.swift in Sources */ = {isa = PBXBuildFile; fileRef = 3DA195061FE9E3E500DBA362 /* MusicPlayerUITests.swift */; };
		3DA195151FE9E46F00DBA362 /* GenreButtonScreenViewController.swift in Sources */ = {isa = PBXBuildFile; fileRef = 3DA195141FE9E46F00DBA362 /* GenreButtonScreenViewController.swift */; };
/* End PBXBuildFile section */

/* Begin PBXContainerItemProxy section */
		3DA194F81FE9E3E500DBA362 /* PBXContainerItemProxy */ = {
			isa = PBXContainerItemProxy;
			containerPortal = 3DA194DB1FE9E3E400DBA362 /* Project object */;
			proxyType = 1;
			remoteGlobalIDString = 3DA194E21FE9E3E400DBA362;
			remoteInfo = MusicPlayer;
		};
		3DA195031FE9E3E500DBA362 /* PBXContainerItemProxy */ = {
			isa = PBXContainerItemProxy;
			containerPortal = 3DA194DB1FE9E3E400DBA362 /* Project object */;
			proxyType = 1;
			remoteGlobalIDString = 3DA194E21FE9E3E400DBA362;
			remoteInfo = MusicPlayer;
		};
/* End PBXContainerItemProxy section */

/* Begin PBXFileReference section */
		3DA194E31FE9E3E400DBA362 /* MusicPlayer.app */ = {isa = PBXFileReference; explicitFileType = wrapper.application; includeInIndex = 0; path = MusicPlayer.app; sourceTree = BUILT_PRODUCTS_DIR; };
		3DA194E61FE9E3E400DBA362 /* AppDelegate.swift */ = {isa = PBXFileReference; lastKnownFileType = sourcecode.swift; path = AppDelegate.swift; sourceTree = "<group>"; };
		3DA194EB1FE9E3E400DBA362 /* Base */ = {isa = PBXFileReference; lastKnownFileType = file.storyboard; name = Base; path = Base.lproj/Main.storyboard; sourceTree = "<group>"; };
		3DA194ED1FE9E3E500DBA362 /* Assets.xcassets */ = {isa = PBXFileReference; lastKnownFileType = folder.assetcatalog; path = Assets.xcassets; sourceTree = "<group>"; };
		3DA194F01FE9E3E500DBA362 /* Base */ = {isa = PBXFileReference; lastKnownFileType = file.storyboard; name = Base; path = Base.lproj/LaunchScreen.storyboard; sourceTree = "<group>"; };
		3DA194F21FE9E3E500DBA362 /* Info.plist */ = {isa = PBXFileReference; lastKnownFileType = text.plist.xml; path = Info.plist; sourceTree = "<group>"; };
		3DA194F71FE9E3E500DBA362 /* MusicPlayerTests.xctest */ = {isa = PBXFileReference; explicitFileType = wrapper.cfbundle; includeInIndex = 0; path = MusicPlayerTests.xctest; sourceTree = BUILT_PRODUCTS_DIR; };
		3DA194FB1FE9E3E500DBA362 /* MusicPlayerTests.swift */ = {isa = PBXFileReference; lastKnownFileType = sourcecode.swift; path = MusicPlayerTests.swift; sourceTree = "<group>"; };
		3DA194FD1FE9E3E500DBA362 /* Info.plist */ = {isa = PBXFileReference; lastKnownFileType = text.plist.xml; path = Info.plist; sourceTree = "<group>"; };
		3DA195021FE9E3E500DBA362 /* MusicPlayerUITests.xctest */ = {isa = PBXFileReference; explicitFileType = wrapper.cfbundle; includeInIndex = 0; path = MusicPlayerUITests.xctest; sourceTree = BUILT_PRODUCTS_DIR; };
		3DA195061FE9E3E500DBA362 /* MusicPlayerUITests.swift */ = {isa = PBXFileReference; lastKnownFileType = sourcecode.swift; path = MusicPlayerUITests.swift; sourceTree = "<group>"; };
		3DA195081FE9E3E500DBA362 /* Info.plist */ = {isa = PBXFileReference; lastKnownFileType = text.plist.xml; path = Info.plist; sourceTree = "<group>"; };
		3DA195141FE9E46F00DBA362 /* GenreButtonScreenViewController.swift */ = {isa = PBXFileReference; lastKnownFileType = sourcecode.swift; path = GenreButtonScreenViewController.swift; sourceTree = "<group>"; };
/* End PBXFileReference section */

/* Begin PBXFrameworksBuildPhase section */
		3DA194E01FE9E3E400DBA362 /* Frameworks */ = {
			isa = PBXFrameworksBuildPhase;
			buildActionMask = 2147483647;
			files = (
			);
			runOnlyForDeploymentPostprocessing = 0;
		};
		3DA194F41FE9E3E500DBA362 /* Frameworks */ = {
			isa = PBXFrameworksBuildPhase;
			buildActionMask = 2147483647;
			files = (
			);
			runOnlyForDeploymentPostprocessing = 0;
		};
		3DA194FF1FE9E3E500DBA362 /* Frameworks */ = {
			isa = PBXFrameworksBuildPhase;
			buildActionMask = 2147483647;
			files = (
			);
			runOnlyForDeploymentPostprocessing = 0;
		};
/* End PBXFrameworksBuildPhase section */

/* Begin PBXGroup section */
		3DA194DA1FE9E3E400DBA362 = {
			isa = PBXGroup;
			children = (
				3DA194E51FE9E3E400DBA362 /* MusicPlayer */,
				3DA194FA1FE9E3E500DBA362 /* MusicPlayerTests */,
				3DA195051FE9E3E500DBA362 /* MusicPlayerUITests */,
				3DA194E41FE9E3E400DBA362 /* Products */,
			);
			sourceTree = "<group>";
		};
		3DA194E41FE9E3E400DBA362 /* Products */ = {
			isa = PBXGroup;
			children = (
				3DA194E31FE9E3E400DBA362 /* MusicPlayer.app */,
				3DA194F71FE9E3E500DBA362 /* MusicPlayerTests.xctest */,
				3DA195021FE9E3E500DBA362 /* MusicPlayerUITests.xctest */,
			);
			name = Products;
			sourceTree = "<group>";
		};
		3DA194E51FE9E3E400DBA362 /* MusicPlayer */ = {
			isa = PBXGroup;
			children = (
				3DA194E61FE9E3E400DBA362 /* AppDelegate.swift */,
				3DA195141FE9E46F00DBA362 /* GenreButtonScreenViewController.swift */,
				3DA194EA1FE9E3E400DBA362 /* Main.storyboard */,
				3DA194ED1FE9E3E500DBA362 /* Assets.xcassets */,
				3DA194EF1FE9E3E500DBA362 /* LaunchScreen.storyboard */,
				3DA194F21FE9E3E500DBA362 /* Info.plist */,
			);
			path = MusicPlayer;
			sourceTree = "<group>";
		};
		3DA194FA1FE9E3E500DBA362 /* MusicPlayerTests */ = {
			isa = PBXGroup;
			children = (
				3DA194FB1FE9E3E500DBA362 /* MusicPlayerTests.swift */,
				3DA194FD1FE9E3E500DBA362 /* Info.plist */,
			);
			path = MusicPlayerTests;
			sourceTree = "<group>";
		};
		3DA195051FE9E3E500DBA362 /* MusicPlayerUITests */ = {
			isa = PBXGroup;
			children = (
				3DA195061FE9E3E500DBA362 /* MusicPlayerUITests.swift */,
				3DA195081FE9E3E500DBA362 /* Info.plist */,
			);
			path = MusicPlayerUITests;
			sourceTree = "<group>";
		};
/* End PBXGroup section */

/* Begin PBXNativeTarget section */
		3DA194E21FE9E3E400DBA362 /* MusicPlayer */ = {
			isa = PBXNativeTarget;
			buildConfigurationList = 3DA1950B1FE9E3E500DBA362 /* Build configuration list for PBXNativeTarget "MusicPlayer" */;
			buildPhases = (
				3DA194DF1FE9E3E400DBA362 /* Sources */,
				3DA194E01FE9E3E400DBA362 /* Frameworks */,
				3DA194E11FE9E3E400DBA362 /* Resources */,
			);
			buildRules = (
			);
			dependencies = (
			);
			name = MusicPlayer;
			productName = MusicPlayer;
			productReference = 3DA194E31FE9E3E400DBA362 /* MusicPlayer.app */;
			productType = "com.apple.product-type.application";
		};
		3DA194F61FE9E3E500DBA362 /* MusicPlayerTests */ = {
			isa = PBXNativeTarget;
			buildConfigurationList = 3DA1950E1FE9E3E500DBA362 /* Build configuration list for PBXNativeTarget "MusicPlayerTests" */;
			buildPhases = (
				3DA194F31FE9E3E500DBA362 /* Sources */,
				3DA194F41FE9E3E500DBA362 /* Frameworks */,
				3DA194F51FE9E3E500DBA362 /* Resources */,
			);
			buildRules = (
			);
			dependencies = (
				3DA194F91FE9E3E500DBA362 /* PBXTargetDependency */,
			);
			name = MusicPlayerTests;
			productName = MusicPlayerTests;
			productReference = 3DA194F71FE9E3E500DBA362 /* MusicPlayerTests.xctest */;
			productType = "com.apple.product-type.bundle.unit-test";
		};
		3DA195011FE9E3E500DBA362 /* MusicPlayerUITests */ = {
			isa = PBXNativeTarget;
			buildConfigurationList = 3DA195111FE9E3E500DBA362 /* Build configuration list for PBXNativeTarget "MusicPlayerUITests" */;
			buildPhases = (
				3DA194FE1FE9E3E500DBA362 /* Sources */,
				3DA194FF1FE9E3E500DBA362 /* Frameworks */,
				3DA195001FE9E3E500DBA362 /* Resources */,
			);
			buildRules = (
			);
			dependencies = (
				3DA195041FE9E3E500DBA362 /* PBXTargetDependency */,
			);
			name = MusicPlayerUITests;
			productName = MusicPlayerUITests;
			productReference = 3DA195021FE9E3E500DBA362 /* MusicPlayerUITests.xctest */;
			productType = "com.apple.product-type.bundle.ui-testing";
		};
/* End PBXNativeTarget section */

/* Begin PBXProject section */
		3DA194DB1FE9E3E400DBA362 /* Project object */ = {
			isa = PBXProject;
			attributes = {
				LastSwiftUpdateCheck = 0920;
				LastUpgradeCheck = 0920;
				ORGANIZATIONNAME = "Anshul Abhinav";
				TargetAttributes = {
					3DA194E21FE9E3E400DBA362 = {
						CreatedOnToolsVersion = 9.2;
						ProvisioningStyle = Automatic;
					};
					3DA194F61FE9E3E500DBA362 = {
						CreatedOnToolsVersion = 9.2;
						ProvisioningStyle = Automatic;
						TestTargetID = 3DA194E21FE9E3E400DBA362;
					};
					3DA195011FE9E3E500DBA362 = {
						CreatedOnToolsVersion = 9.2;
						ProvisioningStyle = Automatic;
						TestTargetID = 3DA194E21FE9E3E400DBA362;
					};
				};
			};
			buildConfigurationList = 3DA194DE1FE9E3E400DBA362 /* Build configuration list for PBXProject "MusicPlayer" */;
			compatibilityVersion = "Xcode 8.0";
			developmentRegion = en;
			hasScannedForEncodings = 0;
			knownRegions = (
				en,
				Base,
			);
			mainGroup = 3DA194DA1FE9E3E400DBA362;
			productRefGroup = 3DA194E41FE9E3E400DBA362 /* Products */;
			projectDirPath = "";
			projectRoot = "";
			targets = (
				3DA194E21FE9E3E400DBA362 /* MusicPlayer */,
				3DA194F61FE9E3E500DBA362 /* MusicPlayerTests */,
				3DA195011FE9E3E500DBA362 /* MusicPlayerUITests */,
			);
		};
/* End PBXProject section */

/* Begin PBXResourcesBuildPhase section */
		3DA194E11FE9E3E400DBA362 /* Resources */ = {
			isa = PBXResourcesBuildPhase;
			buildActionMask = 2147483647;
			files = (
				3DA194F11FE9E3E500DBA362 /* LaunchScreen.storyboard in Resources */,
				3DA194EE1FE9E3E500DBA362 /* Assets.xcassets in Resources */,
				3DA194EC1FE9E3E500DBA362 /* Main.storyboard in Resources */,
			);
			runOnlyForDeploymentPostprocessing = 0;
		};
		3DA194F51FE9E3E500DBA362 /* Resources */ = {
			isa = PBXResourcesBuildPhase;
			buildActionMask = 2147483647;
			files = (
			);
			runOnlyForDeploymentPostprocessing = 0;
		};
		3DA195001FE9E3E500DBA362 /* Resources */ = {
			isa = PBXResourcesBuildPhase;
			buildActionMask = 2147483647;
			files = (
			);
			runOnlyForDeploymentPostprocessing = 0;
		};
/* End PBXResourcesBuildPhase section */

/* Begin PBXSourcesBuildPhase section */
		3DA194DF1FE9E3E400DBA362 /* Sources */ = {
			isa = PBXSourcesBuildPhase;
			buildActionMask = 2147483647;
			files = (
				3DA195151FE9E46F00DBA362 /* GenreButtonScreenViewController.swift in Sources */,
				3DA194E71FE9E3E400DBA362 /* AppDelegate.swift in Sources */,
			);
			runOnlyForDeploymentPostprocessing = 0;
		};
		3DA194F31FE9E3E500DBA362 /* Sources */ = {
			isa = PBXSourcesBuildPhase;
			buildActionMask = 2147483647;
			files = (
				3DA194FC1FE9E3E500DBA362 /* MusicPlayerTests.swift in Sources */,
			);
			runOnlyForDeploymentPostprocessing = 0;
		};
		3DA194FE1FE9E3E500DBA362 /* Sources */ = {
			isa = PBXSourcesBuildPhase;
			buildActionMask = 2147483647;
			files = (
				3DA195071FE9E3E500DBA362 /* MusicPlayerUITests.swift in Sources */,
			);
			runOnlyForDeploymentPostprocessing = 0;
		};
/* End PBXSourcesBuildPhase section */

/* Begin PBXTargetDependency section */
		3DA194F91FE9E3E500DBA362 /* PBXTargetDependency */ = {
			isa = PBXTargetDependency;
			target = 3DA194E21FE9E3E400DBA362 /* MusicPlayer */;
			targetProxy = 3DA194F81FE9E3E500DBA362 /* PBXContainerItemProxy */;
		};
		3DA195041FE9E3E500DBA362 /* PBXTargetDependency */ = {
			isa = PBXTargetDependency;
			target = 3DA194E21FE9E3E400DBA362 /* MusicPlayer */;
			targetProxy = 3DA195031FE9E3E500DBA362 /* PBXContainerItemProxy */;
		};
/* End PBXTargetDependency section */

/* Begin PBXVariantGroup section */
		3DA194EA1FE9E3E400DBA362 /* Main.storyboard */ = {
			isa = PBXVariantGroup;
			children = (
				3DA194EB1FE9E3E400DBA362 /* Base */,
			);
			name = Main.storyboard;
			sourceTree = "<group>";
		};
		3DA194EF1FE9E3E500DBA362 /* LaunchScreen.storyboard */ = {
			isa = PBXVariantGroup;
			children = (
				3DA194F01FE9E3E500DBA362 /* Base */,
			);
			name = LaunchScreen.storyboard;
			sourceTree = "<group>";
		};
/* End PBXVariantGroup section */

/* Begin XCBuildConfiguration section */
		3DA195091FE9E3E500DBA362 /* Debug */ = {
			isa = XCBuildConfiguration;
			buildSettings = {
				ALWAYS_SEARCH_USER_PATHS = NO;
				CLANG_ANALYZER_NONNULL = YES;
				CLANG_ANALYZER_NUMBER_OBJECT_CONVERSION = YES_AGGRESSIVE;
				CLANG_CXX_LANGUAGE_STANDARD = "gnu++14";
				CLANG_CXX_LIBRARY = "libc++";
				CLANG_ENABLE_MODULES = YES;
				CLANG_ENABLE_OBJC_ARC = YES;
				CLANG_WARN_BLOCK_CAPTURE_AUTORELEASING = YES;
				CLANG_WARN_BOOL_CONVERSION = YES;
				CLANG_WARN_COMMA = YES;
				CLANG_WARN_CONSTANT_CONVERSION = YES;
				CLANG_WARN_DIRECT_OBJC_ISA_USAGE = YES_ERROR;
				CLANG_WARN_DOCUMENTATION_COMMENTS = YES;
				CLANG_WARN_EMPTY_BODY = YES;
				CLANG_WARN_ENUM_CONVERSION = YES;
				CLANG_WARN_INFINITE_RECURSION = YES;
				CLANG_WARN_INT_CONVERSION = YES;
				CLANG_WARN_NON_LITERAL_NULL_CONVERSION = YES;
				CLANG_WARN_OBJC_LITERAL_CONVERSION = YES;
				CLANG_WARN_OBJC_ROOT_CLASS = YES_ERROR;
				CLANG_WARN_RANGE_LOOP_ANALYSIS = YES;
				CLANG_WARN_STRICT_PROTOTYPES = YES;
				CLANG_WARN_SUSPICIOUS_MOVE = YES;
				CLANG_WARN_UNGUARDED_AVAILABILITY = YES_AGGRESSIVE;
				CLANG_WARN_UNREACHABLE_CODE = YES;
				CLANG_WARN__DUPLICATE_METHOD_MATCH = YES;
				CODE_SIGN_IDENTITY = "iPhone Developer";
				COPY_PHASE_STRIP = NO;
				DEBUG_INFORMATION_FORMAT = dwarf;
				ENABLE_STRICT_OBJC_MSGSEND = YES;
				ENABLE_TESTABILITY = YES;
				GCC_C_LANGUAGE_STANDARD = gnu11;
				GCC_DYNAMIC_NO_PIC = NO;
				GCC_NO_COMMON_BLOCKS = YES;
				GCC_OPTIMIZATION_LEVEL = 0;
				GCC_PREPROCESSOR_DEFINITIONS = (
					"DEBUG=1",
					"$(inherited)",
				);
				GCC_WARN_64_TO_32_BIT_CONVERSION = YES;
				GCC_WARN_ABOUT_RETURN_TYPE = YES_ERROR;
				GCC_WARN_UNDECLARED_SELECTOR = YES;
				GCC_WARN_UNINITIALIZED_AUTOS = YES_AGGRESSIVE;
				GCC_WARN_UNUSED_FUNCTION = YES;
				GCC_WARN_UNUSED_VARIABLE = YES;
				IPHONEOS_DEPLOYMENT_TARGET = 11.2;
				MTL_ENABLE_DEBUG_INFO = YES;
				ONLY_ACTIVE_ARCH = YES;
				SDKROOT = iphoneos;
				SWIFT_ACTIVE_COMPILATION_CONDITIONS = DEBUG;
				SWIFT_OPTIMIZATION_LEVEL = "-Onone";
			};
			name = Debug;
		};
		3DA1950A1FE9E3E500DBA362 /* Release */ = {
			isa = XCBuildConfiguration;
			buildSettings = {
				ALWAYS_SEARCH_USER_PATHS = NO;
				CLANG_ANALYZER_NONNULL = YES;
				CLANG_ANALYZER_NUMBER_OBJECT_CONVERSION = YES_AGGRESSIVE;
				CLANG_CXX_LANGUAGE_STANDARD = "gnu++14";
				CLANG_CXX_LIBRARY = "libc++";
				CLANG_ENABLE_MODULES = YES;
				CLANG_ENABLE_OBJC_ARC = YES;
				CLANG_WARN_BLOCK_CAPTURE_AUTORELEASING = YES;
				CLANG_WARN_BOOL_CONVERSION = YES;
				CLANG_WARN_COMMA = YES;
				CLANG_WARN_CONSTANT_CONVERSION = YES;
				CLANG_WARN_DIRECT_OBJC_ISA_USAGE = YES_ERROR;
				CLANG_WARN_DOCUMENTATION_COMMENTS = YES;
				CLANG_WARN_EMPTY_BODY = YES;
				CLANG_WARN_ENUM_CONVERSION = YES;
				CLANG_WARN_INFINITE_RECURSION = YES;
				CLANG_WARN_INT_CONVERSION = YES;
				CLANG_WARN_NON_LITERAL_NULL_CONVERSION = YES;
				CLANG_WARN_OBJC_LITERAL_CONVERSION = YES;
				CLANG_WARN_OBJC_ROOT_CLASS = YES_ERROR;
				CLANG_WARN_RANGE_LOOP_ANALYSIS = YES;
				CLANG_WARN_STRICT_PROTOTYPES = YES;
				CLANG_WARN_SUSPICIOUS_MOVE = YES;
				CLANG_WARN_UNGUARDED_AVAILABILITY = YES_AGGRESSIVE;
				CLANG_WARN_UNREACHABLE_CODE = YES;
				CLANG_WARN__DUPLICATE_METHOD_MATCH = YES;
				CODE_SIGN_IDENTITY = "iPhone Developer";
				COPY_PHASE_STRIP = NO;
				DEBUG_INFORMATION_FORMAT = "dwarf-with-dsym";
				ENABLE_NS_ASSERTIONS = NO;
				ENABLE_STRICT_OBJC_MSGSEND = YES;
				GCC_C_LANGUAGE_STANDARD = gnu11;
				GCC_NO_COMMON_BLOCKS = YES;
				GCC_WARN_64_TO_32_BIT_CONVERSION = YES;
				GCC_WARN_ABOUT_RETURN_TYPE = YES_ERROR;
				GCC_WARN_UNDECLARED_SELECTOR = YES;
				GCC_WARN_UNINITIALIZED_AUTOS = YES_AGGRESSIVE;
				GCC_WARN_UNUSED_FUNCTION = YES;
				GCC_WARN_UNUSED_VARIABLE = YES;
				IPHONEOS_DEPLOYMENT_TARGET = 11.2;
				MTL_ENABLE_DEBUG_INFO = NO;
				SDKROOT = iphoneos;
				SWIFT_OPTIMIZATION_LEVEL = "-Owholemodule";
				VALIDATE_PRODUCT = YES;
			};
			name = Release;
		};
		3DA1950C1FE9E3E500DBA362 /* Debug */ = {
			isa = XCBuildConfiguration;
			buildSettings = {
				ASSETCATALOG_COMPILER_APPICON_NAME = AppIcon;
				CODE_SIGN_STYLE = Automatic;
				INFOPLIST_FILE = MusicPlayer/Info.plist;
				LD_RUNPATH_SEARCH_PATHS = "$(inherited) @executable_path/Frameworks";
				PRODUCT_BUNDLE_IDENTIFIER = org.anshul.abhinav.MusicPlayer;
				PRODUCT_NAME = "$(TARGET_NAME)";
				SWIFT_VERSION = 4.0;
				TARGETED_DEVICE_FAMILY = "1,2";
			};
			name = Debug;
		};
		3DA1950D1FE9E3E500DBA362 /* Release */ = {
			isa = XCBuildConfiguration;
			buildSettings = {
				ASSETCATALOG_COMPILER_APPICON_NAME = AppIcon;
				CODE_SIGN_STYLE = Automatic;
				INFOPLIST_FILE = MusicPlayer/Info.plist;
				LD_RUNPATH_SEARCH_PATHS = "$(inherited) @executable_path/Frameworks";
				PRODUCT_BUNDLE_IDENTIFIER = org.anshul.abhinav.MusicPlayer;
				PRODUCT_NAME = "$(TARGET_NAME)";
				SWIFT_VERSION = 4.0;
				TARGETED_DEVICE_FAMILY = "1,2";
			};
			name = Release;
		};
		3DA1950F1FE9E3E500DBA362 /* Debug */ = {
			isa = XCBuildConfiguration;
			buildSettings = {
				ALWAYS_EMBED_SWIFT_STANDARD_LIBRARIES = YES;
				BUNDLE_LOADER = "$(TEST_HOST)";
				CODE_SIGN_STYLE = Automatic;
				INFOPLIST_FILE = MusicPlayerTests/Info.plist;
				LD_RUNPATH_SEARCH_PATHS = "$(inherited) @executable_path/Frameworks @loader_path/Frameworks";
				PRODUCT_BUNDLE_IDENTIFIER = org.anshul.abhinav.MusicPlayerTests;
				PRODUCT_NAME = "$(TARGET_NAME)";
				SWIFT_VERSION = 4.0;
				TARGETED_DEVICE_FAMILY = "1,2";
				TEST_HOST = "$(BUILT_PRODUCTS_DIR)/MusicPlayer.app/MusicPlayer";
			};
			name = Debug;
		};
		3DA195101FE9E3E500DBA362 /* Release */ = {
			isa = XCBuildConfiguration;
			buildSettings = {
				ALWAYS_EMBED_SWIFT_STANDARD_LIBRARIES = YES;
				BUNDLE_LOADER = "$(TEST_HOST)";
				CODE_SIGN_STYLE = Automatic;
				INFOPLIST_FILE = MusicPlayerTests/Info.plist;
				LD_RUNPATH_SEARCH_PATHS = "$(inherited) @executable_path/Frameworks @loader_path/Frameworks";
				PRODUCT_BUNDLE_IDENTIFIER = org.anshul.abhinav.MusicPlayerTests;
				PRODUCT_NAME = "$(TARGET_NAME)";
				SWIFT_VERSION = 4.0;
				TARGETED_DEVICE_FAMILY = "1,2";
				TEST_HOST = "$(BUILT_PRODUCTS_DIR)/MusicPlayer.app/MusicPlayer";
			};
			name = Release;
		};
		3DA195121FE9E3E500DBA362 /* Debug */ = {
			isa = XCBuildConfiguration;
			buildSettings = {
				ALWAYS_EMBED_SWIFT_STANDARD_LIBRARIES = YES;
				CODE_SIGN_STYLE = Automatic;
				INFOPLIST_FILE = MusicPlayerUITests/Info.plist;
				LD_RUNPATH_SEARCH_PATHS = "$(inherited) @executable_path/Frameworks @loader_path/Frameworks";
				PRODUCT_BUNDLE_IDENTIFIER = org.anshul.abhinav.MusicPlayerUITests;
				PRODUCT_NAME = "$(TARGET_NAME)";
				SWIFT_VERSION = 4.0;
				TARGETED_DEVICE_FAMILY = "1,2";
				TEST_TARGET_NAME = MusicPlayer;
			};
			name = Debug;
		};
		3DA195131FE9E3E500DBA362 /* Release */ = {
			isa = XCBuildConfiguration;
			buildSettings = {
				ALWAYS_EMBED_SWIFT_STANDARD_LIBRARIES = YES;
				CODE_SIGN_STYLE = Automatic;
				INFOPLIST_FILE = MusicPlayerUITests/Info.plist;
				LD_RUNPATH_SEARCH_PATHS = "$(inherited) @executable_path/Frameworks @loader_path/Frameworks";
				PRODUCT_BUNDLE_IDENTIFIER = org.anshul.abhinav.MusicPlayerUITests;
				PRODUCT_NAME = "$(TARGET_NAME)";
				SWIFT_VERSION = 4.0;
				TARGETED_DEVICE_FAMILY = "1,2";
				TEST_TARGET_NAME = MusicPlayer;
			};
			name = Release;
		};
/* End XCBuildConfiguration section */

/* Begin XCConfigurationList section */
		3DA194DE1FE9E3E400DBA362 /* Build configuration list for PBXProject "MusicPlayer" */ = {
			isa = XCConfigurationList;
			buildConfigurations = (
				3DA195091FE9E3E500DBA362 /* Debug */,
				3DA1950A1FE9E3E500DBA362 /* Release */,
			);
			defaultConfigurationIsVisible = 0;
			defaultConfigurationName = Release;
		};
		3DA1950B1FE9E3E500DBA362 /* Build configuration list for PBXNativeTarget "MusicPlayer" */ = {
			isa = XCConfigurationList;
			buildConfigurations = (
				3DA1950C1FE9E3E500DBA362 /* Debug */,
				3DA1950D1FE9E3E500DBA362 /* Release */,
			);
			defaultConfigurationIsVisible = 0;
			defaultConfigurationName = Release;
		};
		3DA1950E1FE9E3E500DBA362 /* Build configuration list for PBXNativeTarget "MusicPlayerTests" */ = {
			isa = XCConfigurationList;
			buildConfigurations = (
				3DA1950F1FE9E3E500DBA362 /* Debug */,
				3DA195101FE9E3E500DBA362 /* Release */,
			);
			defaultConfigurationIsVisible = 0;
			defaultConfigurationName = Release;
		};
		3DA195111FE9E3E500DBA362 /* Build configuration list for PBXNativeTarget "MusicPlayerUITests" */ = {
			isa = XCConfigurationList;
			buildConfigurations = (
				3DA195121FE9E3E500DBA362 /* Debug */,
				3DA195131FE9E3E500DBA362 /* Release */,
			);
			defaultConfigurationIsVisible = 0;
			defaultConfigurationName = Release;
		};
/* End XCConfigurationList section */
	};
	rootObject = 3DA194DB1FE9E3E400DBA362 /* Project object */;
}
